
Microsoft Visual Studio Solution File, Format Version 12.00
# Visual Studio Version 17
VisualStudioVersion = 17.14.36414.22 d17.14
MinimumVisualStudioVersion = 10.0.40219.1
Project("{FAE04EC0-301F-11D3-BF4B-00C04F79EFBC}") = "AP1", "AP1\AP1.csproj", "{DB733F9A-66D9-458D-99F3-BCC77AB31FAF}"
EndProject
Global
	GlobalSection(SolutionConfigurationPlatforms) = preSolution
		Debug|Any CPU = Debug|Any CPU
		Release|Any CPU = Release|Any CPU
	EndGlobalSection
	GlobalSection(ProjectConfigurationPlatforms) = postSolution
		{DB733F9A-66D9-458D-99F3-BCC77AB31FAF}.Debug|Any CPU.ActiveCfg = Debug|Any CPU
		{DB733F9A-66D9-458D-99F3-BCC77AB31FAF}.Debug|Any CPU.Build.0 = Debug|Any CPU
		{DB733F9A-66D9-458D-99F3-BCC77AB31FAF}.Release|Any CPU.ActiveCfg = Release|Any CPU
		{DB733F9A-66D9-458D-99F3-BCC77AB31FAF}.Release|Any CPU.Build.0 = Release|Any CPU
	EndGlobalSection
	GlobalSection(SolutionProperties) = preSolution
		HideSolutionNode = FALSE
	EndGlobalSection
	GlobalSection(ExtensibilityGlobals) = postSolution
		SolutionGuid = {D61D2333-DF7D-4DC9-ADF0-2A5BFDED3966}
	EndGlobalSection
EndGlobal
